
Microsoft Visual Studio Solution File, Format Version 12.00
# Visual Studio 14
VisualStudioVersion = 14.0.25123.0
MinimumVisualStudioVersion = 10.0.40219.1
Project("{FAE04EC0-301F-11D3-BF4B-00C04F79EFBC}") = "Stardust.Starterkit.Cache", "Stardust.Starterkit.Cache\Stardust.Starterkit.Cache.csproj", "{61DAFE3E-CC80-438A-9183-B165DC70A4C8}"
EndProject
Project("{FAE04EC0-301F-11D3-BF4B-00C04F79EFBC}") = "Stardust.Starterkit.Configuration.Business", "Stardust.Starterkit.Configuration.Business\Stardust.Starterkit.Configuration.Business.csproj", "{A0BAE4D7-763C-44BF-82FD-31DB0DFDD881}"
EndProject
Project("{FAE04EC0-301F-11D3-BF4B-00C04F79EFBC}") = "Stardust.Starterkit.Configuration.Repository", "Stardust.Starterkit.Configuration.Repository\Stardust.Starterkit.Configuration.Repository.csproj", "{4BF95275-C07A-4C62-AF87-185EAA89BF50}"
EndProject
Project("{FAE04EC0-301F-11D3-BF4B-00C04F79EFBC}") = "Stardust.Starterkit.Configuration.Tests", "Stardust.Starterkit.Configuration.Tests\Stardust.Starterkit.Configuration.Tests.csproj", "{21191EEE-C16F-4CC8-89C0-A9ADEF11CC45}"
EndProject
Project("{FAE04EC0-301F-11D3-BF4B-00C04F79EFBC}") = "Stardust.Starterkit.Configuration.Web", "Stardust.Starterkit.Configuration.Web\Stardust.Starterkit.Configuration.Web.csproj", "{0E6E90B8-E4E2-4DD7-B41A-411CBD2541F4}"
EndProject
Project("{FAE04EC0-301F-11D3-BF4B-00C04F79EFBC}") = "Stardust.Starterkit.Configuration.Web.Proxy", "Stardust.Starterkit.Configuration.Web.Proxy\Stardust.Starterkit.Configuration.Web.Proxy.csproj", "{93C1BE8B-B54E-4459-B7B2-FB01B77F2E65}"
EndProject
Global
	GlobalSection(SolutionConfigurationPlatforms) = preSolution
		AzureDeployment|Any CPU = AzureDeployment|Any CPU
		Debug|Any CPU = Debug|Any CPU
		Release|Any CPU = Release|Any CPU
	EndGlobalSection
	GlobalSection(ProjectConfigurationPlatforms) = postSolution
		{61DAFE3E-CC80-438A-9183-B165DC70A4C8}.AzureDeployment|Any CPU.ActiveCfg = AzureDeployment|Any CPU
		{61DAFE3E-CC80-438A-9183-B165DC70A4C8}.AzureDeployment|Any CPU.Build.0 = AzureDeployment|Any CPU
		{61DAFE3E-CC80-438A-9183-B165DC70A4C8}.Debug|Any CPU.ActiveCfg = Debug|Any CPU
		{61DAFE3E-CC80-438A-9183-B165DC70A4C8}.Debug|Any CPU.Build.0 = Debug|Any CPU
		{61DAFE3E-CC80-438A-9183-B165DC70A4C8}.Release|Any CPU.ActiveCfg = Release|Any CPU
		{61DAFE3E-CC80-438A-9183-B165DC70A4C8}.Release|Any CPU.Build.0 = Release|Any CPU
		{A0BAE4D7-763C-44BF-82FD-31DB0DFDD881}.AzureDeployment|Any CPU.ActiveCfg = AzureDeployment|Any CPU
		{A0BAE4D7-763C-44BF-82FD-31DB0DFDD881}.AzureDeployment|Any CPU.Build.0 = AzureDeployment|Any CPU
		{A0BAE4D7-763C-44BF-82FD-31DB0DFDD881}.Debug|Any CPU.ActiveCfg = Debug|Any CPU
		{A0BAE4D7-763C-44BF-82FD-31DB0DFDD881}.Debug|Any CPU.Build.0 = Debug|Any CPU
		{A0BAE4D7-763C-44BF-82FD-31DB0DFDD881}.Release|Any CPU.ActiveCfg = Release|Any CPU
		{A0BAE4D7-763C-44BF-82FD-31DB0DFDD881}.Release|Any CPU.Build.0 = Release|Any CPU
		{4BF95275-C07A-4C62-AF87-185EAA89BF50}.AzureDeployment|Any CPU.ActiveCfg = AzureDeployment|Any CPU
		{4BF95275-C07A-4C62-AF87-185EAA89BF50}.AzureDeployment|Any CPU.Build.0 = AzureDeployment|Any CPU
		{4BF95275-C07A-4C62-AF87-185EAA89BF50}.Debug|Any CPU.ActiveCfg = Debug|Any CPU
		{4BF95275-C07A-4C62-AF87-185EAA89BF50}.Debug|Any CPU.Build.0 = Debug|Any CPU
		{4BF95275-C07A-4C62-AF87-185EAA89BF50}.Release|Any CPU.ActiveCfg = Release|Any CPU
		{4BF95275-C07A-4C62-AF87-185EAA89BF50}.Release|Any CPU.Build.0 = Release|Any CPU
		{21191EEE-C16F-4CC8-89C0-A9ADEF11CC45}.AzureDeployment|Any CPU.ActiveCfg = AzureDeployment|Any CPU
		{21191EEE-C16F-4CC8-89C0-A9ADEF11CC45}.AzureDeployment|Any CPU.Build.0 = AzureDeployment|Any CPU
		{21191EEE-C16F-4CC8-89C0-A9ADEF11CC45}.Debug|Any CPU.ActiveCfg = Debug|Any CPU
		{21191EEE-C16F-4CC8-89C0-A9ADEF11CC45}.Debug|Any CPU.Build.0 = Debug|Any CPU
		{21191EEE-C16F-4CC8-89C0-A9ADEF11CC45}.Release|Any CPU.ActiveCfg = Release|Any CPU
		{21191EEE-C16F-4CC8-89C0-A9ADEF11CC45}.Release|Any CPU.Build.0 = Release|Any CPU
		{0E6E90B8-E4E2-4DD7-B41A-411CBD2541F4}.AzureDeployment|Any CPU.ActiveCfg = AzureDeployment|Any CPU
		{0E6E90B8-E4E2-4DD7-B41A-411CBD2541F4}.AzureDeployment|Any CPU.Build.0 = AzureDeployment|Any CPU
		{0E6E90B8-E4E2-4DD7-B41A-411CBD2541F4}.Debug|Any CPU.ActiveCfg = Debug|Any CPU
		{0E6E90B8-E4E2-4DD7-B41A-411CBD2541F4}.Debug|Any CPU.Build.0 = Debug|Any CPU
		{0E6E90B8-E4E2-4DD7-B41A-411CBD2541F4}.Release|Any CPU.ActiveCfg = Release|Any CPU
		{0E6E90B8-E4E2-4DD7-B41A-411CBD2541F4}.Release|Any CPU.Build.0 = Release|Any CPU
		{93C1BE8B-B54E-4459-B7B2-FB01B77F2E65}.AzureDeployment|Any CPU.ActiveCfg = Release|Any CPU
		{93C1BE8B-B54E-4459-B7B2-FB01B77F2E65}.AzureDeployment|Any CPU.Build.0 = Release|Any CPU
		{93C1BE8B-B54E-4459-B7B2-FB01B77F2E65}.Debug|Any CPU.ActiveCfg = Debug|Any CPU
		{93C1BE8B-B54E-4459-B7B2-FB01B77F2E65}.Debug|Any CPU.Build.0 = Debug|Any CPU
		{93C1BE8B-B54E-4459-B7B2-FB01B77F2E65}.Release|Any CPU.ActiveCfg = Release|Any CPU
		{93C1BE8B-B54E-4459-B7B2-FB01B77F2E65}.Release|Any CPU.Build.0 = Release|Any CPU
	EndGlobalSection
	GlobalSection(SolutionProperties) = preSolution
		HideSolutionNode = FALSE
	EndGlobalSection
EndGlobal
